
Microsoft Visual Studio Solution File, Format Version 12.00
# Visual Studio Version 16
VisualStudioVersion = 16.0.28803.352
MinimumVisualStudioVersion = 10.0.40219.1
Project("{FAE04EC0-301F-11D3-BF4B-00C04F79EFBC}") = "Win.App.UWP", "Win.App.UWP\Win.App.UWP.csproj", "{CCF0A8B3-B08C-4A9A-9C89-E993DC38BC3C}"
EndProject
Project("{9A19103F-16F7-4668-BE54-9A1E7A4F7556}") = "Win.App.Server", "Win.App.Server\Win.App.Server.csproj", "{D5EC1F76-F448-4EE3-974F-8DA5061E14FE}"
EndProject
Project("{9A19103F-16F7-4668-BE54-9A1E7A4F7556}") = "Win.App.Protobuf", "Win.App.Protobuf\Win.App.Protobuf.csproj", "{DAF7A9A0-1A8A-4BFC-983D-76DE95118CFB}"
EndProject
Project("{9A19103F-16F7-4668-BE54-9A1E7A4F7556}") = "Win.App.Client", "Win.App.Client\Win.App.Client.csproj", "{5DE63E98-285E-44BE-BA26-1F0C17E1D811}"
EndProject
Project("{FAE04EC0-301F-11D3-BF4B-00C04F79EFBC}") = "Win.App.Model", "Win.App.Model\Win.App.Model.csproj", "{76BEBFA0-6849-4981-8F4C-86B9BCD40327}"
EndProject
Global
	GlobalSection(SolutionConfigurationPlatforms) = preSolution
		Debug|Any CPU = Debug|Any CPU
		Debug|ARM = Debug|ARM
		Debug|ARM64 = Debug|ARM64
		Debug|x64 = Debug|x64
		Debug|x86 = Debug|x86
		Release|Any CPU = Release|Any CPU
		Release|ARM = Release|ARM
		Release|ARM64 = Release|ARM64
		Release|x64 = Release|x64
		Release|x86 = Release|x86
	EndGlobalSection
	GlobalSection(ProjectConfigurationPlatforms) = postSolution
		{CCF0A8B3-B08C-4A9A-9C89-E993DC38BC3C}.Debug|Any CPU.ActiveCfg = Debug|x86
		{CCF0A8B3-B08C-4A9A-9C89-E993DC38BC3C}.Debug|Any CPU.Build.0 = Debug|x86
		{CCF0A8B3-B08C-4A9A-9C89-E993DC38BC3C}.Debug|Any CPU.Deploy.0 = Debug|x86
		{CCF0A8B3-B08C-4A9A-9C89-E993DC38BC3C}.Debug|ARM.ActiveCfg = Debug|ARM
		{CCF0A8B3-B08C-4A9A-9C89-E993DC38BC3C}.Debug|ARM.Build.0 = Debug|ARM
		{CCF0A8B3-B08C-4A9A-9C89-E993DC38BC3C}.Debug|ARM.Deploy.0 = Debug|ARM
		{CCF0A8B3-B08C-4A9A-9C89-E993DC38BC3C}.Debug|ARM64.ActiveCfg = Debug|ARM64
		{CCF0A8B3-B08C-4A9A-9C89-E993DC38BC3C}.Debug|ARM64.Build.0 = Debug|ARM64
		{CCF0A8B3-B08C-4A9A-9C89-E993DC38BC3C}.Debug|ARM64.Deploy.0 = Debug|ARM64
		{CCF0A8B3-B08C-4A9A-9C89-E993DC38BC3C}.Debug|x64.ActiveCfg = Debug|x64
		{CCF0A8B3-B08C-4A9A-9C89-E993DC38BC3C}.Debug|x64.Build.0 = Debug|x64
		{CCF0A8B3-B08C-4A9A-9C89-E993DC38BC3C}.Debug|x64.Deploy.0 = Debug|x64
		{CCF0A8B3-B08C-4A9A-9C89-E993DC38BC3C}.Debug|x86.ActiveCfg = Debug|x86
		{CCF0A8B3-B08C-4A9A-9C89-E993DC38BC3C}.Debug|x86.Build.0 = Debug|x86
		{CCF0A8B3-B08C-4A9A-9C89-E993DC38BC3C}.Debug|x86.Deploy.0 = Debug|x86
		{CCF0A8B3-B08C-4A9A-9C89-E993DC38BC3C}.Release|Any CPU.ActiveCfg = Release|x86
		{CCF0A8B3-B08C-4A9A-9C89-E993DC38BC3C}.Release|ARM.ActiveCfg = Release|ARM
		{CCF0A8B3-B08C-4A9A-9C89-E993DC38BC3C}.Release|ARM.Build.0 = Release|ARM
		{CCF0A8B3-B08C-4A9A-9C89-E993DC38BC3C}.Release|ARM.Deploy.0 = Release|ARM
		{CCF0A8B3-B08C-4A9A-9C89-E993DC38BC3C}.Release|ARM64.ActiveCfg = Release|ARM64
		{CCF0A8B3-B08C-4A9A-9C89-E993DC38BC3C}.Release|ARM64.Build.0 = Release|ARM64
		{CCF0A8B3-B08C-4A9A-9C89-E993DC38BC3C}.Release|ARM64.Deploy.0 = Release|ARM64
		{CCF0A8B3-B08C-4A9A-9C89-E993DC38BC3C}.Release|x64.ActiveCfg = Release|x64
		{CCF0A8B3-B08C-4A9A-9C89-E993DC38BC3C}.Release|x64.Build.0 = Release|x64
		{CCF0A8B3-B08C-4A9A-9C89-E993DC38BC3C}.Release|x64.Deploy.0 = Release|x64
		{CCF0A8B3-B08C-4A9A-9C89-E993DC38BC3C}.Release|x86.ActiveCfg = Release|x86
		{CCF0A8B3-B08C-4A9A-9C89-E993DC38BC3C}.Release|x86.Build.0 = Release|x86
		{CCF0A8B3-B08C-4A9A-9C89-E993DC38BC3C}.Release|x86.Deploy.0 = Release|x86
		{D5EC1F76-F448-4EE3-974F-8DA5061E14FE}.Debug|Any CPU.ActiveCfg = Debug|Any CPU
		{D5EC1F76-F448-4EE3-974F-8DA5061E14FE}.Debug|Any CPU.Build.0 = Debug|Any CPU
		{D5EC1F76-F448-4EE3-974F-8DA5061E14FE}.Debug|ARM.ActiveCfg = Debug|Any CPU
		{D5EC1F76-F448-4EE3-974F-8DA5061E14FE}.Debug|ARM.Build.0 = Debug|Any CPU
		{D5EC1F76-F448-4EE3-974F-8DA5061E14FE}.Debug|ARM64.ActiveCfg = Debug|Any CPU
		{D5EC1F76-F448-4EE3-974F-8DA5061E14FE}.Debug|ARM64.Build.0 = Debug|Any CPU
		{D5EC1F76-F448-4EE3-974F-8DA5061E14FE}.Debug|x64.ActiveCfg = Debug|Any CPU
		{D5EC1F76-F448-4EE3-974F-8DA5061E14FE}.Debug|x64.Build.0 = Debug|Any CPU
		{D5EC1F76-F448-4EE3-974F-8DA5061E14FE}.Debug|x86.ActiveCfg = Debug|Any CPU
		{D5EC1F76-F448-4EE3-974F-8DA5061E14FE}.Debug|x86.Build.0 = Debug|Any CPU
		{D5EC1F76-F448-4EE3-974F-8DA5061E14FE}.Release|Any CPU.ActiveCfg = Release|Any CPU
		{D5EC1F76-F448-4EE3-974F-8DA5061E14FE}.Release|Any CPU.Build.0 = Release|Any CPU
		{D5EC1F76-F448-4EE3-974F-8DA5061E14FE}.Release|ARM.ActiveCfg = Release|Any CPU
		{D5EC1F76-F448-4EE3-974F-8DA5061E14FE}.Release|ARM.Build.0 = Release|Any CPU
		{D5EC1F76-F448-4EE3-974F-8DA5061E14FE}.Release|ARM64.ActiveCfg = Release|Any CPU
		{D5EC1F76-F448-4EE3-974F-8DA5061E14FE}.Release|ARM64.Build.0 = Release|Any CPU
		{D5EC1F76-F448-4EE3-974F-8DA5061E14FE}.Release|x64.ActiveCfg = Release|Any CPU
		{D5EC1F76-F448-4EE3-974F-8DA5061E14FE}.Release|x64.Build.0 = Release|Any CPU
		{D5EC1F76-F448-4EE3-974F-8DA5061E14FE}.Release|x86.ActiveCfg = Release|Any CPU
		{D5EC1F76-F448-4EE3-974F-8DA5061E14FE}.Release|x86.Build.0 = Release|Any CPU
		{DAF7A9A0-1A8A-4BFC-983D-76DE95118CFB}.Debug|Any CPU.ActiveCfg = Debug|Any CPU
		{DAF7A9A0-1A8A-4BFC-983D-76DE95118CFB}.Debug|Any CPU.Build.0 = Debug|Any CPU
		{DAF7A9A0-1A8A-4BFC-983D-76DE95118CFB}.Debug|ARM.ActiveCfg = Debug|Any CPU
		{DAF7A9A0-1A8A-4BFC-983D-76DE95118CFB}.Debug|ARM.Build.0 = Debug|Any CPU
		{DAF7A9A0-1A8A-4BFC-983D-76DE95118CFB}.Debug|ARM64.ActiveCfg = Debug|Any CPU
		{DAF7A9A0-1A8A-4BFC-983D-76DE95118CFB}.Debug|ARM64.Build.0 = Debug|Any CPU
		{DAF7A9A0-1A8A-4BFC-983D-76DE95118CFB}.Debug|x64.ActiveCfg = Debug|Any CPU
		{DAF7A9A0-1A8A-4BFC-983D-76DE95118CFB}.Debug|x64.Build.0 = Debug|Any CPU
		{DAF7A9A0-1A8A-4BFC-983D-76DE95118CFB}.Debug|x86.ActiveCfg = Debug|Any CPU
		{DAF7A9A0-1A8A-4BFC-983D-76DE95118CFB}.Debug|x86.Build.0 = Debug|Any CPU
		{DAF7A9A0-1A8A-4BFC-983D-76DE95118CFB}.Release|Any CPU.ActiveCfg = Release|Any CPU
		{DAF7A9A0-1A8A-4BFC-983D-76DE95118CFB}.Release|Any CPU.Build.0 = Release|Any CPU
		{DAF7A9A0-1A8A-4BFC-983D-76DE95118CFB}.Release|ARM.ActiveCfg = Release|Any CPU
		{DAF7A9A0-1A8A-4BFC-983D-76DE95118CFB}.Release|ARM.Build.0 = Release|Any CPU
		{DAF7A9A0-1A8A-4BFC-983D-76DE95118CFB}.Release|ARM64.ActiveCfg = Release|Any CPU
		{DAF7A9A0-1A8A-4BFC-983D-76DE95118CFB}.Release|ARM64.Build.0 = Release|Any CPU
		{DAF7A9A0-1A8A-4BFC-983D-76DE95118CFB}.Release|x64.ActiveCfg = Release|Any CPU
		{DAF7A9A0-1A8A-4BFC-983D-76DE95118CFB}.Release|x64.Build.0 = Release|Any CPU
		{DAF7A9A0-1A8A-4BFC-983D-76DE95118CFB}.Release|x86.ActiveCfg = Release|Any CPU
		{DAF7A9A0-1A8A-4BFC-983D-76DE95118CFB}.Release|x86.Build.0 = Release|Any CPU
		{5DE63E98-285E-44BE-BA26-1F0C17E1D811}.Debug|Any CPU.ActiveCfg = Debug|Any CPU
		{5DE63E98-285E-44BE-BA26-1F0C17E1D811}.Debug|Any CPU.Build.0 = Debug|Any CPU
		{5DE63E98-285E-44BE-BA26-1F0C17E1D811}.Debug|ARM.ActiveCfg = Debug|Any CPU
		{5DE63E98-285E-44BE-BA26-1F0C17E1D811}.Debug|ARM.Build.0 = Debug|Any CPU
		{5DE63E98-285E-44BE-BA26-1F0C17E1D811}.Debug|ARM64.ActiveCfg = Debug|Any CPU
		{5DE63E98-285E-44BE-BA26-1F0C17E1D811}.Debug|ARM64.Build.0 = Debug|Any CPU
		{5DE63E98-285E-44BE-BA26-1F0C17E1D811}.Debug|x64.ActiveCfg = Debug|Any CPU
		{5DE63E98-285E-44BE-BA26-1F0C17E1D811}.Debug|x64.Build.0 = Debug|Any CPU
		{5DE63E98-285E-44BE-BA26-1F0C17E1D811}.Debug|x86.ActiveCfg = Debug|Any CPU
		{5DE63E98-285E-44BE-BA26-1F0C17E1D811}.Debug|x86.Build.0 = Debug|Any CPU
		{5DE63E98-285E-44BE-BA26-1F0C17E1D811}.Release|Any CPU.ActiveCfg = Release|Any CPU
		{5DE63E98-285E-44BE-BA26-1F0C17E1D811}.Release|Any CPU.Build.0 = Release|Any CPU
		{5DE63E98-285E-44BE-BA26-1F0C17E1D811}.Release|ARM.ActiveCfg = Release|Any CPU
		{5DE63E98-285E-44BE-BA26-1F0C17E1D811}.Release|ARM.Build.0 = Release|Any CPU
		{5DE63E98-285E-44BE-BA26-1F0C17E1D811}.Release|ARM64.ActiveCfg = Release|Any CPU
		{5DE63E98-285E-44BE-BA26-1F0C17E1D811}.Release|ARM64.Build.0 = Release|Any CPU
		{5DE63E98-285E-44BE-BA26-1F0C17E1D811}.Release|x64.ActiveCfg = Release|Any CPU
		{5DE63E98-285E-44BE-BA26-1F0C17E1D811}.Release|x64.Build.0 = Release|Any CPU
		{5DE63E98-285E-44BE-BA26-1F0C17E1D811}.Release|x86.ActiveCfg = Release|Any CPU
		{5DE63E98-285E-44BE-BA26-1F0C17E1D811}.Release|x86.Build.0 = Release|Any CPU
		{76BEBFA0-6849-4981-8F4C-86B9BCD40327}.Debug|Any CPU.ActiveCfg = Debug|Any CPU
		{76BEBFA0-6849-4981-8F4C-86B9BCD40327}.Debug|Any CPU.Build.0 = Debug|Any CPU
		{76BEBFA0-6849-4981-8F4C-86B9BCD40327}.Debug|ARM.ActiveCfg = Debug|Any CPU
		{76BEBFA0-6849-4981-8F4C-86B9BCD40327}.Debug|ARM.Build.0 = Debug|Any CPU
		{76BEBFA0-6849-4981-8F4C-86B9BCD40327}.Debug|ARM64.ActiveCfg = Debug|Any CPU
		{76BEBFA0-6849-4981-8F4C-86B9BCD40327}.Debug|ARM64.Build.0 = Debug|Any CPU
		{76BEBFA0-6849-4981-8F4C-86B9BCD40327}.Debug|x64.ActiveCfg = Debug|Any CPU
		{76BEBFA0-6849-4981-8F4C-86B9BCD40327}.Debug|x64.Build.0 = Debug|Any CPU
		{76BEBFA0-6849-4981-8F4C-86B9BCD40327}.Debug|x86.ActiveCfg = Debug|Any CPU
		{76BEBFA0-6849-4981-8F4C-86B9BCD40327}.Debug|x86.Build.0 = Debug|Any CPU
		{76BEBFA0-6849-4981-8F4C-86B9BCD40327}.Release|Any CPU.ActiveCfg = Release|Any CPU
		{76BEBFA0-6849-4981-8F4C-86B9BCD40327}.Release|Any CPU.Build.0 = Release|Any CPU
		{76BEBFA0-6849-4981-8F4C-86B9BCD40327}.Release|ARM.ActiveCfg = Release|Any CPU
		{76BEBFA0-6849-4981-8F4C-86B9BCD40327}.Release|ARM.Build.0 = Release|Any CPU
		{76BEBFA0-6849-4981-8F4C-86B9BCD40327}.Release|ARM64.ActiveCfg = Release|Any CPU
		{76BEBFA0-6849-4981-8F4C-86B9BCD40327}.Release|ARM64.Build.0 = Release|Any CPU
		{76BEBFA0-6849-4981-8F4C-86B9BCD40327}.Release|x64.ActiveCfg = Release|Any CPU
		{76BEBFA0-6849-4981-8F4C-86B9BCD40327}.Release|x64.Build.0 = Release|Any CPU
		{76BEBFA0-6849-4981-8F4C-86B9BCD40327}.Release|x86.ActiveCfg = Release|Any CPU
		{76BEBFA0-6849-4981-8F4C-86B9BCD40327}.Release|x86.Build.0 = Release|Any CPU
	EndGlobalSection
	GlobalSection(SolutionProperties) = preSolution
		HideSolutionNode = FALSE
	EndGlobalSection
	GlobalSection(ExtensibilityGlobals) = postSolution
		SolutionGuid = {9D3BDCEE-99FB-4E79-9F3E-D93F149FB24B}
	EndGlobalSection
EndGlobal
